// !$*UTF8*$!
{
	archiveVersion = 1;
	classes = {
	};
	objectVersion = 56;
	objects = {

/* Begin PBXBuildFile section */
		AB1234567890123400000001 /* EnvantoBarkodApp.swift in Sources */ = {isa = PBXBuildFile; fileRef = AB1234567890123400000002 /* EnvantoBarkodApp.swift */; };
		AB1234567890123400000003 /* ContentView.swift in Sources */ = {isa = PBXBuildFile; fileRef = AB1234567890123400000004 /* ContentView.swift */; };
		AB1234567890123400000005 /* MainMenuView.swift in Sources */ = {isa = PBXBuildFile; fileRef = AB1234567890123400000006 /* MainMenuView.swift */; };
		AB1234567890123400000007 /* ScannerView.swift in Sources */ = {isa = PBXBuildFile; fileRef = AB1234567890123400000008 /* ScannerView.swift */; };
		AB1234567890123400000009 /* SettingsView.swift in Sources */ = {isa = PBXBuildFile; fileRef = AB123456789012340000000A /* SettingsView.swift */; };
		AB123456789012340000000B /* BarcodeUploadView.swift in Sources */ = {isa = PBXBuildFile; fileRef = AB123456789012340000000C /* BarcodeUploadView.swift */; };
		AB123456789012340000000D /* MainViewModel.swift in Sources */ = {isa = PBXBuildFile; fileRef = AB123456789012340000000E /* MainViewModel.swift */; };
		AB123456789012340000000F /* ScannerViewModel.swift in Sources */ = {isa = PBXBuildFile; fileRef = AB1234567890123400000010 /* ScannerViewModel.swift */; };
		AB1234567890123400000011 /* BarcodeUploadViewModel.swift in Sources */ = {isa = PBXBuildFile; fileRef = AB1234567890123400000012 /* BarcodeUploadViewModel.swift */; };
		AB1234567890123400000013 /* BarcodeResult.swift in Sources */ = {isa = PBXBuildFile; fileRef = AB1234567890123400000014 /* BarcodeResult.swift */; };
		AB1234567890123400000015 /* CameraService.swift in Sources */ = {isa = PBXBuildFile; fileRef = AB1234567890123400000016 /* CameraService.swift */; };
		AB1234567890123400000017 /* BarcodeService.swift in Sources */ = {isa = PBXBuildFile; fileRef = AB1234567890123400000018 /* BarcodeService.swift */; };
		AB1234567890123400000019 /* DeviceAuthManager.swift in Sources */ = {isa = PBXBuildFile; fileRef = AB123456789012340000001A /* DeviceAuthManager.swift */; };
		AB123456789012340000001B /* Constants.swift in Sources */ = {isa = PBXBuildFile; fileRef = AB123456789012340000001C /* Constants.swift */; };
		AB123456789012340000001D /* Extensions.swift in Sources */ = {isa = PBXBuildFile; fileRef = AB123456789012340000001E /* Extensions.swift */; };
		AB1234567890123400000050 /* ImageStorageManager.swift in Sources */ = {isa = PBXBuildFile; fileRef = AB1234567890123400000051 /* ImageStorageManager.swift */; };
		AB1234567890123400000052 /* DatabaseManager.swift in Sources */ = {isa = PBXBuildFile; fileRef = AB1234567890123400000053 /* DatabaseManager.swift */; };
		AB1234567890123400000054 /* libsqlite3.tbd in Frameworks */ = {isa = PBXBuildFile; fileRef = AB1234567890123400000055 /* libsqlite3.tbd */; };
		AB1234567890123400000057 /* NetworkUtils.swift in Sources */ = {isa = PBXBuildFile; fileRef = AB1234567890123400000058 /* NetworkUtils.swift */; };
		AB1234567890123400000059 /* UploadService.swift in Sources */ = {isa = PBXBuildFile; fileRef = AB123456789012340000005A /* UploadService.swift */; };
		AB123456789012340000005B /* DeviceIdentifier.swift in Sources */ = {isa = PBXBuildFile; fileRef = AB123456789012340000005C /* DeviceIdentifier.swift */; };
		AB123456789012340000005D /* BackgroundUploadManager.swift in Sources */ = {isa = PBXBuildFile; fileRef = AB123456789012340000005E /* BackgroundUploadManager.swift */; };
		AB123456789012340000005F /* AudioManager.swift in Sources */ = {isa = PBXBuildFile; fileRef = AB1234567890123400000060 /* AudioManager.swift */; };
		AB1234567890123400000061 /* beep.mp3 in Resources */ = {isa = PBXBuildFile; fileRef = AB1234567890123400000062 /* beep.mp3 */; };
		AB1234567890123400000070 /* CustomerImagesView.swift in Sources */ = {isa = PBXBuildFile; fileRef = AB1234567890123400000071 /* CustomerImagesView.swift */; };
		AB1234567890123400000072 /* CustomerImagesViewModel.swift in Sources */ = {isa = PBXBuildFile; fileRef = AB1234567890123400000073 /* CustomerImagesViewModel.swift */; };
		AB1234567890123400000074 /* CustomerImageGroupCard.swift in Sources */ = {isa = PBXBuildFile; fileRef = AB1234567890123400000075 /* CustomerImageGroupCard.swift */; };
		AB1234567890123400000077 /* Customer.swift in Sources */ = {isa = PBXBuildFile; fileRef = AB1234567890123400000076 /* Customer.swift */; };
		AB1234567890123400000078 /* VehicleProduct.swift in Sources */ = {isa = PBXBuildFile; fileRef = AB1234567890123400000079 /* VehicleProduct.swift */; };
		AB123456789012340000007A /* VehicleProductsViewModel.swift in Sources */ = {isa = PBXBuildFile; fileRef = AB123456789012340000007B /* VehicleProductsViewModel.swift */; };
		AB123456789012340000007C /* VehicleProductsView.swift in Sources */ = {isa = PBXBuildFile; fileRef = AB123456789012340000007D /* VehicleProductsView.swift */; };
		AB123456789012340000007E /* LoginResponse.swift in Sources */ = {isa = PBXBuildFile; fileRef = AB123456789012340000007F /* LoginResponse.swift */; };
		AB1234567890123400000080 /* LoginManager.swift in Sources */ = {isa = PBXBuildFile; fileRef = AB1234567890123400000081 /* LoginManager.swift */; };
		AB1234567890123400000082 /* LoginView.swift in Sources */ = {isa = PBXBuildFile; fileRef = AB1234567890123400000083 /* LoginView.swift */; };
		AB1234567890123400000085 /* ImageOrientationUtils.swift in Sources */ = {isa = PBXBuildFile; fileRef = AB1234567890123400000084 /* ImageOrientationUtils.swift */; };
		AB1234567890123400000086 /* BatteryOptimizer.swift in Sources */ = {isa = PBXBuildFile; fileRef = AB1234567890123400000087 /* BatteryOptimizer.swift */; };
		AB12345678901234ASSETS002 /* Assets.xcassets in Resources */ = {isa = PBXBuildFile; fileRef = AB12345678901234ASSETS001 /* Assets.xcassets */; };
/* End PBXBuildFile section */

/* Begin PBXFileReference section */
		AB1234567890123400000002 /* EnvantoBarkodApp.swift */ = {isa = PBXFileReference; lastKnownFileType = sourcecode.swift; path = EnvantoBarkodApp.swift; sourceTree = "<group>"; };
		AB1234567890123400000004 /* ContentView.swift */ = {isa = PBXFileReference; lastKnownFileType = sourcecode.swift; path = ContentView.swift; sourceTree = "<group>"; };
		AB1234567890123400000006 /* MainMenuView.swift */ = {isa = PBXFileReference; lastKnownFileType = sourcecode.swift; path = MainMenuView.swift; sourceTree = "<group>"; };
		AB1234567890123400000008 /* ScannerView.swift */ = {isa = PBXFileReference; lastKnownFileType = sourcecode.swift; path = ScannerView.swift; sourceTree = "<group>"; };
		AB123456789012340000000A /* SettingsView.swift */ = {isa = PBXFileReference; lastKnownFileType = sourcecode.swift; path = SettingsView.swift; sourceTree = "<group>"; };
		AB123456789012340000000C /* BarcodeUploadView.swift */ = {isa = PBXFileReference; lastKnownFileType = sourcecode.swift; path = BarcodeUploadView.swift; sourceTree = "<group>"; };
		AB123456789012340000000E /* MainViewModel.swift */ = {isa = PBXFileReference; lastKnownFileType = sourcecode.swift; path = MainViewModel.swift; sourceTree = "<group>"; };
		AB1234567890123400000010 /* ScannerViewModel.swift */ = {isa = PBXFileReference; lastKnownFileType = sourcecode.swift; path = ScannerViewModel.swift; sourceTree = "<group>"; };
		AB1234567890123400000012 /* BarcodeUploadViewModel.swift */ = {isa = PBXFileReference; lastKnownFileType = sourcecode.swift; path = BarcodeUploadViewModel.swift; sourceTree = "<group>"; };
		AB1234567890123400000014 /* BarcodeResult.swift */ = {isa = PBXFileReference; lastKnownFileType = sourcecode.swift; path = BarcodeResult.swift; sourceTree = "<group>"; };
		AB1234567890123400000016 /* CameraService.swift */ = {isa = PBXFileReference; lastKnownFileType = sourcecode.swift; path = CameraService.swift; sourceTree = "<group>"; };
		AB1234567890123400000018 /* BarcodeService.swift */ = {isa = PBXFileReference; lastKnownFileType = sourcecode.swift; path = BarcodeService.swift; sourceTree = "<group>"; };
		AB123456789012340000001A /* DeviceAuthManager.swift */ = {isa = PBXFileReference; lastKnownFileType = sourcecode.swift; path = DeviceAuthManager.swift; sourceTree = "<group>"; };
		AB123456789012340000001C /* Constants.swift */ = {isa = PBXFileReference; lastKnownFileType = sourcecode.swift; path = Constants.swift; sourceTree = "<group>"; };
		AB123456789012340000001E /* Extensions.swift */ = {isa = PBXFileReference; lastKnownFileType = sourcecode.swift; path = Extensions.swift; sourceTree = "<group>"; };
		AB1234567890123400000021 /* EnvantoBarkod.app */ = {isa = PBXFileReference; explicitFileType = wrapper.application; includeInIndex = 0; path = EnvantoBarkod.app; sourceTree = BUILT_PRODUCTS_DIR; };
		AB1234567890123400000051 /* ImageStorageManager.swift */ = {isa = PBXFileReference; lastKnownFileType = sourcecode.swift; path = ImageStorageManager.swift; sourceTree = "<group>"; };
		AB1234567890123400000053 /* DatabaseManager.swift */ = {isa = PBXFileReference; lastKnownFileType = sourcecode.swift; path = DatabaseManager.swift; sourceTree = "<group>"; };
		AB1234567890123400000055 /* libsqlite3.tbd */ = {isa = PBXFileReference; lastKnownFileType = "sourcecode.text-based-dylib-definition"; name = libsqlite3.tbd; path = usr/lib/libsqlite3.tbd; sourceTree = SDKROOT; };
		AB1234567890123400000058 /* NetworkUtils.swift */ = {isa = PBXFileReference; lastKnownFileType = sourcecode.swift; path = NetworkUtils.swift; sourceTree = "<group>"; };
		AB123456789012340000005A /* UploadService.swift */ = {isa = PBXFileReference; lastKnownFileType = sourcecode.swift; path = UploadService.swift; sourceTree = "<group>"; };
		AB123456789012340000005C /* DeviceIdentifier.swift */ = {isa = PBXFileReference; lastKnownFileType = sourcecode.swift; path = DeviceIdentifier.swift; sourceTree = "<group>"; };
		AB123456789012340000005E /* BackgroundUploadManager.swift */ = {isa = PBXFileReference; lastKnownFileType = sourcecode.swift; path = BackgroundUploadManager.swift; sourceTree = "<group>"; };
		AB1234567890123400000060 /* AudioManager.swift */ = {isa = PBXFileReference; lastKnownFileType = sourcecode.swift; path = AudioManager.swift; sourceTree = "<group>"; };
		AB1234567890123400000062 /* beep.mp3 */ = {isa = PBXFileReference; lastKnownFileType = audio.mp3; path = beep.mp3; sourceTree = "<group>"; };
		AB1234567890123400000071 /* CustomerImagesView.swift */ = {isa = PBXFileReference; lastKnownFileType = sourcecode.swift; path = CustomerImagesView.swift; sourceTree = "<group>"; };
		AB1234567890123400000073 /* CustomerImagesViewModel.swift */ = {isa = PBXFileReference; lastKnownFileType = sourcecode.swift; path = CustomerImagesViewModel.swift; sourceTree = "<group>"; };
		AB1234567890123400000075 /* CustomerImageGroupCard.swift */ = {isa = PBXFileReference; lastKnownFileType = sourcecode.swift; path = CustomerImageGroupCard.swift; sourceTree = "<group>"; };
		AB1234567890123400000076 /* Customer.swift */ = {isa = PBXFileReference; lastKnownFileType = sourcecode.swift; path = Customer.swift; sourceTree = "<group>"; };
		AB1234567890123400000079 /* VehicleProduct.swift */ = {isa = PBXFileReference; lastKnownFileType = sourcecode.swift; path = VehicleProduct.swift; sourceTree = "<group>"; };
		AB123456789012340000007B /* VehicleProductsViewModel.swift */ = {isa = PBXFileReference; lastKnownFileType = sourcecode.swift; path = VehicleProductsViewModel.swift; sourceTree = "<group>"; };
		AB123456789012340000007D /* VehicleProductsView.swift */ = {isa = PBXFileReference; lastKnownFileType = sourcecode.swift; path = VehicleProductsView.swift; sourceTree = "<group>"; };
		AB123456789012340000007F /* LoginResponse.swift */ = {isa = PBXFileReference; lastKnownFileType = sourcecode.swift; path = LoginResponse.swift; sourceTree = "<group>"; };
		AB1234567890123400000081 /* LoginManager.swift */ = {isa = PBXFileReference; lastKnownFileType = sourcecode.swift; path = LoginManager.swift; sourceTree = "<group>"; };
		AB1234567890123400000083 /* LoginView.swift */ = {isa = PBXFileReference; lastKnownFileType = sourcecode.swift; path = LoginView.swift; sourceTree = "<group>"; };
		AB1234567890123400000084 /* ImageOrientationUtils.swift */ = {isa = PBXFileReference; lastKnownFileType = sourcecode.swift; path = ImageOrientationUtils.swift; sourceTree = "<group>"; };
		AB1234567890123400000087 /* BatteryOptimizer.swift */ = {isa = PBXFileReference; lastKnownFileType = sourcecode.swift; path = BatteryOptimizer.swift; sourceTree = "<group>"; };
		AB12345678901234ASSETS001 /* Assets.xcassets */ = {isa = PBXFileReference; lastKnownFileType = folder.assetcatalog; path = Assets.xcassets; sourceTree = "<group>"; };
/* End PBXFileReference section */

/* Begin PBXFrameworksBuildPhase section */
		AB1234567890123400000022 /* Frameworks */ = {
			isa = PBXFrameworksBuildPhase;
			buildActionMask = 2147483647;
			files = (
				AB1234567890123400000054 /* libsqlite3.tbd in Frameworks */,
			);
			runOnlyForDeploymentPostprocessing = 0;
		};
/* End PBXFrameworksBuildPhase section */

/* Begin PBXGroup section */
		AB1234567890123400000023 = {
			isa = PBXGroup;
			children = (
				AB1234567890123400000002 /* EnvantoBarkodApp.swift */,
				AB1234567890123400000004 /* ContentView.swift */,
				AB1234567890123400000025 /* Views */,
				AB1234567890123400000026 /* ViewModels */,
				AB1234567890123400000027 /* Models */,
				AB1234567890123400000028 /* Services */,
				AB1234567890123400000029 /* Utilities */,
				AB123456789012340000002A /* Protocols */,
				AB12345678901234ASSETS001 /* Assets.xcassets */,
				AB1234567890123400000062 /* beep.mp3 */,
				AB1234567890123400000056 /* Frameworks */,
				AB1234567890123400000024 /* Products */,
			);
			sourceTree = "<group>";
		};
		AB1234567890123400000024 /* Products */ = {
			isa = PBXGroup;
			children = (
				AB1234567890123400000021 /* EnvantoBarkod.app */,
			);
			name = Products;
			sourceTree = "<group>";
		};
		AB1234567890123400000025 /* Views */ = {
			isa = PBXGroup;
			children = (
				AB1234567890123400000006 /* MainMenuView.swift */,
				AB1234567890123400000008 /* ScannerView.swift */,
				AB123456789012340000000A /* SettingsView.swift */,
				AB123456789012340000000C /* BarcodeUploadView.swift */,
				AB1234567890123400000071 /* CustomerImagesView.swift */,
				AB1234567890123400000075 /* CustomerImageGroupCard.swift */,
				AB1234567890123400000083 /* LoginView.swift */,
				AB123456789012340000007D /* VehicleProductsView.swift */,
			);
			path = Views;
			sourceTree = "<group>";
		};
		AB1234567890123400000026 /* ViewModels */ = {
			isa = PBXGroup;
			children = (
				AB123456789012340000000E /* MainViewModel.swift */,
				AB1234567890123400000010 /* ScannerViewModel.swift */,
				AB1234567890123400000012 /* BarcodeUploadViewModel.swift */,
				AB1234567890123400000073 /* CustomerImagesViewModel.swift */,
				AB123456789012340000007B /* VehicleProductsViewModel.swift */,
			);
			path = ViewModels;
			sourceTree = "<group>";
		};
		AB1234567890123400000027 /* Models */ = {
			isa = PBXGroup;
			children = (
				AB1234567890123400000014 /* BarcodeResult.swift */,
				AB1234567890123400000076 /* Customer.swift */,
				AB123456789012340000007F /* LoginResponse.swift */,
				AB1234567890123400000079 /* VehicleProduct.swift */,
			);
			path = Models;
			sourceTree = "<group>";
		};
		AB1234567890123400000028 /* Services */ = {
			isa = PBXGroup;
			children = (
				AB1234567890123400000016 /* CameraService.swift */,
				AB1234567890123400000018 /* BarcodeService.swift */,
				AB123456789012340000001A /* DeviceAuthManager.swift */,
				AB1234567890123400000051 /* ImageStorageManager.swift */,
				AB1234567890123400000081 /* LoginManager.swift */,
				AB1234567890123400000053 /* DatabaseManager.swift */,
				AB123456789012340000005A /* UploadService.swift */,
				AB123456789012340000005E /* BackgroundUploadManager.swift */,
			);
			path = Services;
			sourceTree = "<group>";
		};
		AB1234567890123400000029 /* Utilities */ = {
			isa = PBXGroup;
			children = (
				AB123456789012340000001C /* Constants.swift */,
				AB123456789012340000001E /* Extensions.swift */,
				AB1234567890123400000058 /* NetworkUtils.swift */,
				AB123456789012340000005C /* DeviceIdentifier.swift */,
				AB1234567890123400000060 /* AudioManager.swift */,
				AB1234567890123400000084 /* ImageOrientationUtils.swift */,
				AB1234567890123400000087 /* BatteryOptimizer.swift */,
			);
			path = Utilities;
			sourceTree = "<group>";
		};
		AB123456789012340000002A /* Protocols */ = {
			isa = PBXGroup;
			children = (
			);
			path = Protocols;
			sourceTree = "<group>";
		};
		AB1234567890123400000056 /* Frameworks */ = {
			isa = PBXGroup;
			children = (
				AB1234567890123400000055 /* libsqlite3.tbd */,
			);
			name = Frameworks;
			sourceTree = "<group>";
		};
/* End PBXGroup section */

/* Begin PBXNativeTarget section */
		AB123456789012340000002B /* EnvantoBarkod */ = {
			isa = PBXNativeTarget;
			buildConfigurationList = AB123456789012340000002C /* Build configuration list for PBXNativeTarget "EnvantoBarkod" */;
			buildPhases = (
				AB123456789012340000002D /* Sources */,
				AB1234567890123400000022 /* Frameworks */,
				AB123456789012340000002E /* Resources */,
			);
			buildRules = (
			);
			dependencies = (
			);
			name = EnvantoBarkod;
			productName = EnvantoBarkod;
			productReference = AB1234567890123400000021 /* EnvantoBarkod.app */;
			productType = "com.apple.product-type.application";
		};
/* End PBXNativeTarget section */

/* Begin PBXProject section */
		AB123456789012340000002F /* Project object */ = {
			isa = PBXProject;
			attributes = {
				BuildIndependentTargetsInParallel = 1;
				LastSwiftUpdateCheck = 1500;
				LastUpgradeCheck = 1500;
				ORGANIZATIONNAME = Envanto;
				TargetAttributes = {
					AB123456789012340000002B = {
						CreatedOnToolsVersion = 15.0;
						DevelopmentTeam = 6F974S63AX;
						LastSwiftMigration = 1500;
						ProvisioningStyle = Automatic;
						TestTargetID = "";
					};
				};
			};
			buildConfigurationList = AB1234567890123400000030 /* Build configuration list for PBXProject "EnvantoBarkod" */;
			compatibilityVersion = "Xcode 14.0";
			developmentRegion = tr;
			hasScannedForEncodings = 0;
			knownRegions = (
				tr,
				en,
				Base,
			);
			mainGroup = AB1234567890123400000023;
			productRefGroup = AB1234567890123400000024 /* Products */;
			projectDirPath = "";
			projectRoot = "";
			targets = (
				AB123456789012340000002B /* EnvantoBarkod */,
			);
		};
/* End PBXProject section */

/* Begin PBXResourcesBuildPhase section */
		AB123456789012340000002E /* Resources */ = {
			isa = PBXResourcesBuildPhase;
			buildActionMask = 2147483647;
			files = (
				AB12345678901234ASSETS002 /* Assets.xcassets in Resources */,
				AB1234567890123400000061 /* beep.mp3 in Resources */,
			);
			runOnlyForDeploymentPostprocessing = 0;
		};
/* End PBXResourcesBuildPhase section */

/* Begin PBXSourcesBuildPhase section */
		AB123456789012340000002D /* Sources */ = {
			isa = PBXSourcesBuildPhase;
			buildActionMask = 2147483647;
			files = (
				AB1234567890123400000001 /* EnvantoBarkodApp.swift in Sources */,
				AB1234567890123400000003 /* ContentView.swift in Sources */,
				AB1234567890123400000005 /* MainMenuView.swift in Sources */,
				AB1234567890123400000007 /* ScannerView.swift in Sources */,
				AB1234567890123400000009 /* SettingsView.swift in Sources */,
				AB123456789012340000000B /* BarcodeUploadView.swift in Sources */,
				AB1234567890123400000070 /* CustomerImagesView.swift in Sources */,
				AB1234567890123400000074 /* CustomerImageGroupCard.swift in Sources */,
				AB1234567890123400000082 /* LoginView.swift in Sources */,
				AB123456789012340000007C /* VehicleProductsView.swift in Sources */,
				AB123456789012340000000D /* MainViewModel.swift in Sources */,
				AB123456789012340000000F /* ScannerViewModel.swift in Sources */,
				AB1234567890123400000011 /* BarcodeUploadViewModel.swift in Sources */,
				AB1234567890123400000072 /* CustomerImagesViewModel.swift in Sources */,
				AB123456789012340000007A /* VehicleProductsViewModel.swift in Sources */,
				AB1234567890123400000013 /* BarcodeResult.swift in Sources */,
				AB1234567890123400000077 /* Customer.swift in Sources */,
				AB123456789012340000007E /* LoginResponse.swift in Sources */,
				AB1234567890123400000078 /* VehicleProduct.swift in Sources */,
				AB1234567890123400000015 /* CameraService.swift in Sources */,
				AB1234567890123400000017 /* BarcodeService.swift in Sources */,
				AB1234567890123400000019 /* DeviceAuthManager.swift in Sources */,
				AB1234567890123400000050 /* ImageStorageManager.swift in Sources */,
				AB1234567890123400000080 /* LoginManager.swift in Sources */,
				AB1234567890123400000052 /* DatabaseManager.swift in Sources */,
				AB1234567890123400000057 /* NetworkUtils.swift in Sources */,
				AB1234567890123400000059 /* UploadService.swift in Sources */,
				AB123456789012340000005D /* BackgroundUploadManager.swift in Sources */,
				AB123456789012340000005B /* DeviceIdentifier.swift in Sources */,
				AB123456789012340000005F /* AudioManager.swift in Sources */,
				AB1234567890123400000085 /* ImageOrientationUtils.swift in Sources */,
				AB1234567890123400000086 /* BatteryOptimizer.swift in Sources */,
				AB123456789012340000001B /* Constants.swift in Sources */,
				AB123456789012340000001D /* Extensions.swift in Sources */,
			);
			runOnlyForDeploymentPostprocessing = 0;
		};
/* End PBXSourcesBuildPhase section */

/* Begin XCBuildConfiguration section */
		AB1234567890123400000031 /* Debug */ = {
			isa = XCBuildConfiguration;
			buildSettings = {
				ALWAYS_SEARCH_USER_PATHS = NO;
				ASSETCATALOG_COMPILER_GENERATE_SWIFT_ASSET_SYMBOL_EXTENSIONS = YES;
				CLANG_ANALYZER_NONNULL = YES;
				CLANG_ANALYZER_NUMBER_OBJECT_CONVERSION = YES_AGGRESSIVE;
				CLANG_CXX_LANGUAGE_STANDARD = "gnu++20";
				CLANG_ENABLE_MODULES = YES;
				CLANG_ENABLE_MODULE_DEBUGGING = NO;
				CLANG_ENABLE_OBJC_ARC = YES;
				CLANG_ENABLE_OBJC_WEAK = YES;
				CLANG_WARN_BLOCK_CAPTURE_AUTORELEASING = YES;
				CLANG_WARN_BOOL_CONVERSION = YES;
				CLANG_WARN_COMMA = YES;
				CLANG_WARN_CONSTANT_CONVERSION = YES;
				CLANG_WARN_DEPRECATED_OBJC_IMPLEMENTATIONS = YES;
				CLANG_WARN_DIRECT_OBJC_ISA_USAGE = YES_ERROR;
				CLANG_WARN_DOCUMENTATION_COMMENTS = YES;
				CLANG_WARN_EMPTY_BODY = YES;
				CLANG_WARN_ENUM_CONVERSION = YES;
				CLANG_WARN_INFINITE_RECURSION = YES;
				CLANG_WARN_INT_CONVERSION = YES;
				CLANG_WARN_NON_LITERAL_NULL_CONVERSION = YES;
				CLANG_WARN_OBJC_IMPLICIT_RETAIN_SELF = YES;
				CLANG_WARN_OBJC_LITERAL_CONVERSION = YES;
				CLANG_WARN_OBJC_ROOT_CLASS = YES_ERROR;
				CLANG_WARN_QUOTED_INCLUDE_IN_FRAMEWORK_HEADER = YES;
				CLANG_WARN_RANGE_LOOP_ANALYSIS = YES;
				CLANG_WARN_STRICT_PROTOTYPES = YES;
				CLANG_WARN_SUSPICIOUS_MOVE = YES;
				CLANG_WARN_UNGUARDED_AVAILABILITY = YES_AGGRESSIVE;
				CLANG_WARN_UNREACHABLE_CODE = YES;
				CLANG_WARN__DUPLICATE_METHOD_MATCH = YES;
				COMPILER_INDEX_STORE_ENABLE = NO;
				COPY_PHASE_STRIP = NO;
				DEBUG_INFORMATION_FORMAT = dwarf;
				ENABLE_BITCODE = NO;
				ENABLE_BUILD_SYSTEM_CACHING = YES;
				ENABLE_MODULE_VERIFIER = YES;
				ENABLE_STRICT_OBJC_MSGSEND = YES;
				ENABLE_TESTABILITY = YES;
				ENABLE_USER_SCRIPT_SANDBOXING = YES;
				GCC_C_LANGUAGE_STANDARD = gnu17;
				GCC_DYNAMIC_NO_PIC = NO;
				GCC_NO_COMMON_BLOCKS = YES;
				GCC_OPTIMIZATION_LEVEL = 0;
				GCC_PREPROCESSOR_DEFINITIONS = (
					"DEBUG=1",
					"$(inherited)",
				);
				GCC_WARN_64_TO_32_BIT_CONVERSION = YES;
				GCC_WARN_ABOUT_RETURN_TYPE = YES_ERROR;
				GCC_WARN_UNDECLARED_SELECTOR = YES;
				GCC_WARN_UNINITIALIZED_AUTOS = YES_AGGRESSIVE;
				GCC_WARN_UNUSED_FUNCTION = YES;
				GCC_WARN_UNUSED_VARIABLE = YES;
				IPHONEOS_DEPLOYMENT_TARGET = 16.0;
				LOCALIZATION_PREFERS_STRING_CATALOGS = YES;
				MODULE_VERIFIER_SUPPORTED_LANGUAGES = "objective-c objective-c++";
				MODULE_VERIFIER_SUPPORTED_LANGUAGE_STANDARDS = "gnu17 gnu++20";
				MTL_ENABLE_DEBUG_INFO = INCLUDE_SOURCE;
				MTL_FAST_MATH = YES;
				ONLY_ACTIVE_ARCH = YES;
				SDKROOT = iphoneos;
				SUPPORTS_MACCATALYST = NO;
				SWIFT_ACTIVE_COMPILATION_CONDITIONS = "DEBUG $(inherited)";
				SWIFT_COMPILATION_MODE = wholemodule;
				SWIFT_INSTALL_OBJC_HEADER = NO;
				SWIFT_OPTIMIZATION_LEVEL = "-Onone";
				SWIFT_VERSION = 5.0;
				SWIFT_WHOLE_MODULE_OPTIMIZATION = NO;
				VALIDATE_PRODUCT = NO;
			};
			name = Debug;
		};
		AB1234567890123400000032 /* Release */ = {
			isa = XCBuildConfiguration;
			buildSettings = {
				ALWAYS_SEARCH_USER_PATHS = NO;
				ASSETCATALOG_COMPILER_GENERATE_SWIFT_ASSET_SYMBOL_EXTENSIONS = YES;
				CLANG_ANALYZER_NONNULL = YES;
				CLANG_ANALYZER_NUMBER_OBJECT_CONVERSION = YES_AGGRESSIVE;
				CLANG_CXX_LANGUAGE_STANDARD = "gnu++20";
				CLANG_ENABLE_MODULES = YES;
				CLANG_ENABLE_OBJC_ARC = YES;
				CLANG_ENABLE_OBJC_WEAK = YES;
				CLANG_WARN_BLOCK_CAPTURE_AUTORELEASING = YES;
				CLANG_WARN_BOOL_CONVERSION = YES;
				CLANG_WARN_COMMA = YES;
				CLANG_WARN_CONSTANT_CONVERSION = YES;
				CLANG_WARN_DEPRECATED_OBJC_IMPLEMENTATIONS = YES;
				CLANG_WARN_DIRECT_OBJC_ISA_USAGE = YES_ERROR;
				CLANG_WARN_DOCUMENTATION_COMMENTS = YES;
				CLANG_WARN_EMPTY_BODY = YES;
				CLANG_WARN_ENUM_CONVERSION = YES;
				CLANG_WARN_INFINITE_RECURSION = YES;
				CLANG_WARN_INT_CONVERSION = YES;
				CLANG_WARN_NON_LITERAL_NULL_CONVERSION = YES;
				CLANG_WARN_OBJC_IMPLICIT_RETAIN_SELF = YES;
				CLANG_WARN_OBJC_LITERAL_CONVERSION = YES;
				CLANG_WARN_OBJC_ROOT_CLASS = YES_ERROR;
				CLANG_WARN_QUOTED_INCLUDE_IN_FRAMEWORK_HEADER = YES;
				CLANG_WARN_RANGE_LOOP_ANALYSIS = YES;
				CLANG_WARN_STRICT_PROTOTYPES = YES;
				CLANG_WARN_SUSPICIOUS_MOVE = YES;
				CLANG_WARN_UNGUARDED_AVAILABILITY = YES_AGGRESSIVE;
				CLANG_WARN_UNREACHABLE_CODE = YES;
				CLANG_WARN__DUPLICATE_METHOD_MATCH = YES;
				COMPILER_INDEX_STORE_ENABLE = NO;
				COPY_PHASE_STRIP = NO;
				DEBUG_INFORMATION_FORMAT = "dwarf-with-dsym";
				ENABLE_BITCODE = NO;
				ENABLE_MODULE_VERIFIER = YES;
				ENABLE_NS_ASSERTIONS = NO;
				ENABLE_STRICT_OBJC_MSGSEND = YES;
				ENABLE_USER_SCRIPT_SANDBOXING = YES;
				GCC_C_LANGUAGE_STANDARD = gnu17;
				GCC_NO_COMMON_BLOCKS = YES;
				GCC_WARN_64_TO_32_BIT_CONVERSION = YES;
				GCC_WARN_ABOUT_RETURN_TYPE = YES_ERROR;
				GCC_WARN_UNDECLARED_SELECTOR = YES;
				GCC_WARN_UNINITIALIZED_AUTOS = YES_AGGRESSIVE;
				GCC_WARN_UNUSED_FUNCTION = YES;
				GCC_WARN_UNUSED_VARIABLE = YES;
				IPHONEOS_DEPLOYMENT_TARGET = 16.0;
				LOCALIZATION_PREFERS_STRING_CATALOGS = YES;
				MODULE_VERIFIER_SUPPORTED_LANGUAGES = "objective-c objective-c++";
				MODULE_VERIFIER_SUPPORTED_LANGUAGE_STANDARDS = "gnu17 gnu++20";
				MTL_ENABLE_DEBUG_INFO = NO;
				MTL_FAST_MATH = YES;
				SDKROOT = iphoneos;
				SUPPORTS_MACCATALYST = NO;
				SWIFT_COMPILATION_MODE = wholemodule;
				SWIFT_VERSION = 5.0;
				VALIDATE_PRODUCT = YES;
			};
			name = Release;
		};
		AB1234567890123400000033 /* Debug */ = {
			isa = XCBuildConfiguration;
			buildSettings = {
				ASSETCATALOG_COMPILER_APPICON_NAME = AppIcon;
				ASSETCATALOG_COMPILER_GLOBAL_ACCENT_COLOR_NAME = AccentColor;
				CLANG_ENABLE_MODULE_DEBUGGING = NO;
				CODE_SIGN_IDENTITY = "";
				CODE_SIGN_STYLE = Automatic;
				PROVISIONING_PROFILE_SPECIFIER = "";
				COMPILER_INDEX_STORE_ENABLE = NO;
				COPY_PHASE_STRIP = NO;
				CURRENT_PROJECT_VERSION = 01;
				DEBUG_INFORMATION_FORMAT = dwarf;
				DEVELOPMENT_TEAM = 6F974S63AX;
				ENABLE_BITCODE = NO;
				ENABLE_PREVIEWS = YES;
				GENERATE_INFOPLIST_FILE = YES;
				INFOPLIST_KEY_CFBundleDisplayName = "Envanto Barkod";
				INFOPLIST_KEY_NSCameraUsageDescription = "Bu uygulama barkod taramak için kamera kullanır.";
				INFOPLIST_KEY_UIApplicationSceneManifest_Generation = YES;
				INFOPLIST_KEY_UIApplicationSupportsIndirectInputEvents = YES;
				INFOPLIST_KEY_UILaunchScreen_Generation = YES;
				INFOPLIST_KEY_UISupportedInterfaceOrientations = UIInterfaceOrientationPortrait;
				INFOPLIST_KEY_UISupportedInterfaceOrientations_iPad = "UIInterfaceOrientationLandscapeLeft UIInterfaceOrientationLandscapeRight UIInterfaceOrientationPortrait UIInterfaceOrientationPortraitUpsideDown";
				IPHONEOS_DEPLOYMENT_TARGET = 16.0;
				LD_RUNPATH_SEARCH_PATHS = (
					"$(inherited)",
					"@executable_path/Frameworks",
				);
				MARKETING_VERSION = 2025.08.01;
				PRODUCT_BUNDLE_IDENTIFIER = com.envanto.barcode.ios;
				PRODUCT_NAME = "$(TARGET_NAME)";
				PROVISIONING_PROFILE_SPECIFIER = "";
				SKIP_INSTALL = NO;
				SUPPORTS_MACCATALYST = NO;
				SWIFT_COMPILATION_MODE = singlefile;
				"SWIFT_COMPILATION_MODE[arch=*]" = singlefile;
				SWIFT_EMIT_LOC_STRINGS = YES;
				SWIFT_INSTALL_OBJC_HEADER = NO;
				SWIFT_VERSION = 5.0;
				TARGETED_DEVICE_FAMILY = "1,2";
				VALIDATE_PRODUCT = NO;
			};
			name = Debug;
		};
		AB1234567890123400000034 /* Release */ = {
			isa = XCBuildConfiguration;
			buildSettings = {
				ASSETCATALOG_COMPILER_APPICON_NAME = AppIcon;
				ASSETCATALOG_COMPILER_GLOBAL_ACCENT_COLOR_NAME = AccentColor;
				CODE_SIGN_IDENTITY = "";
				CODE_SIGN_STYLE = Automatic;
				PROVISIONING_PROFILE_SPECIFIER = "";
				COMPILER_INDEX_STORE_ENABLE = NO;
				CURRENT_PROJECT_VERSION = 01;
				DEVELOPMENT_TEAM = 6F974S63AX;
				ENABLE_BITCODE = NO;
				ENABLE_PREVIEWS = YES;
				GENERATE_INFOPLIST_FILE = YES;
				INFOPLIST_KEY_CFBundleDisplayName = "Envanto Barkod";
				INFOPLIST_KEY_NSCameraUsageDescription = "Bu uygulama barkod taramak için kamera kullanır.";
				INFOPLIST_KEY_UIApplicationSceneManifest_Generation = YES;
				INFOPLIST_KEY_UIApplicationSupportsIndirectInputEvents = YES;
				INFOPLIST_KEY_UILaunchScreen_Generation = YES;
				INFOPLIST_KEY_UISupportedInterfaceOrientations = UIInterfaceOrientationPortrait;
				INFOPLIST_KEY_UISupportedInterfaceOrientations_iPad = "UIInterfaceOrientationLandscapeLeft UIInterfaceOrientationLandscapeRight UIInterfaceOrientationPortrait UIInterfaceOrientationPortraitUpsideDown";
				IPHONEOS_DEPLOYMENT_TARGET = 16.0;
				LD_RUNPATH_SEARCH_PATHS = (
					"$(inherited)",
					"@executable_path/Frameworks",
				);
				MARKETING_VERSION = 2025.08.01;
				PRODUCT_BUNDLE_IDENTIFIER = com.envanto.barcode.ios;
				PRODUCT_NAME = "$(TARGET_NAME)";
				PROVISIONING_PROFILE_SPECIFIER = "";
				SUPPORTS_MACCATALYST = NO;
				SWIFT_COMPILATION_MODE = wholemodule;
				SWIFT_EMIT_LOC_STRINGS = YES;
				SWIFT_VERSION = 5.0;
				TARGETED_DEVICE_FAMILY = "1,2";
				VALIDATE_PRODUCT = YES;
			};
			name = Release;
		};
/* End XCBuildConfiguration section */

/* Begin XCConfigurationList section */
		AB123456789012340000002C /* Build configuration list for PBXNativeTarget "EnvantoBarkod" */ = {
			isa = XCConfigurationList;
			buildConfigurations = (
				AB1234567890123400000033 /* Debug */,
				AB1234567890123400000034 /* Release */,
			);
			defaultConfigurationIsVisible = 0;
			defaultConfigurationName = Release;
		};
		AB1234567890123400000030 /* Build configuration list for PBXProject "EnvantoBarkod" */ = {
			isa = XCConfigurationList;
			buildConfigurations = (
				AB1234567890123400000031 /* Debug */,
				AB1234567890123400000032 /* Release */,
			);
			defaultConfigurationIsVisible = 0;
			defaultConfigurationName = Release;
		};
/* End XCConfigurationList section */
	};
	rootObject = AB123456789012340000002F /* Project object */;
}
